// !$*UTF8*$!
{
	archiveVersion = 1;
	classes = {
	};
	objectVersion = 46;
	objects = {

/* Begin PBXBuildFile section */
		3E32271C192E2B3500D5C95C /* LoadMoreCell.m in Sources */ = {isa = PBXBuildFile; fileRef = 3E32271B192E2B3500D5C95C /* LoadMoreCell.m */; };
		3E32271E192E2B4300D5C95C /* LoadMoreCell.xib in Resources */ = {isa = PBXBuildFile; fileRef = 3E32271D192E2B4300D5C95C /* LoadMoreCell.xib */; };
		3E322724192E387C00D5C95C /* CircleView.m in Sources */ = {isa = PBXBuildFile; fileRef = 3E322721192E387C00D5C95C /* CircleView.m */; };
		3E322725192E387C00D5C95C /* EGORefreshTableHeaderView.m in Sources */ = {isa = PBXBuildFile; fileRef = 3E322723192E387C00D5C95C /* EGORefreshTableHeaderView.m */; };
		3E322728192E3DDC00D5C95C /* CustomTableView.m in Sources */ = {isa = PBXBuildFile; fileRef = 3E322727192E3DDC00D5C95C /* CustomTableView.m */; };
		3E99694319319718003CA4C6 /* SystemConfiguration.framework in Frameworks */ = {isa = PBXBuildFile; fileRef = 3E99694219319718003CA4C6 /* SystemConfiguration.framework */; };
		3E99694519319729003CA4C6 /* MobileCoreServices.framework in Frameworks */ = {isa = PBXBuildFile; fileRef = 3E99694419319729003CA4C6 /* MobileCoreServices.framework */; };
		3EE11872192F98FA00DB86C6 /* ScrollPageView.m in Sources */ = {isa = PBXBuildFile; fileRef = 3EE11871192F98FA00DB86C6 /* ScrollPageView.m */; };
		8B460955192D968300B28082 /* Foundation.framework in Frameworks */ = {isa = PBXBuildFile; fileRef = 8B460954192D968300B28082 /* Foundation.framework */; };
		8B460957192D968300B28082 /* CoreGraphics.framework in Frameworks */ = {isa = PBXBuildFile; fileRef = 8B460956192D968300B28082 /* CoreGraphics.framework */; };
		8B460959192D968300B28082 /* UIKit.framework in Frameworks */ = {isa = PBXBuildFile; fileRef = 8B460958192D968300B28082 /* UIKit.framework */; };
		8B46095F192D968300B28082 /* InfoPlist.strings in Resources */ = {isa = PBXBuildFile; fileRef = 8B46095D192D968300B28082 /* InfoPlist.strings */; };
		8B460961192D968300B28082 /* main.m in Sources */ = {isa = PBXBuildFile; fileRef = 8B460960192D968300B28082 /* main.m */; };
		8B460965192D968300B28082 /* AppDelegate.m in Sources */ = {isa = PBXBuildFile; fileRef = 8B460964192D968300B28082 /* AppDelegate.m */; };
		8B460967192D968300B28082 /* Images.xcassets in Resources */ = {isa = PBXBuildFile; fileRef = 8B460966192D968300B28082 /* Images.xcassets */; };
		8B46096E192D968300B28082 /* XCTest.framework in Frameworks */ = {isa = PBXBuildFile; fileRef = 8B46096D192D968300B28082 /* XCTest.framework */; };
		8B46096F192D968300B28082 /* Foundation.framework in Frameworks */ = {isa = PBXBuildFile; fileRef = 8B460954192D968300B28082 /* Foundation.framework */; };
		8B460970192D968300B28082 /* UIKit.framework in Frameworks */ = {isa = PBXBuildFile; fileRef = 8B460958192D968300B28082 /* UIKit.framework */; };
		8B460978192D968300B28082 /* InfoPlist.strings in Resources */ = {isa = PBXBuildFile; fileRef = 8B460976192D968300B28082 /* InfoPlist.strings */; };
		8B46097A192D968300B28082 /* ShowProductTests.m in Sources */ = {isa = PBXBuildFile; fileRef = 8B460979192D968300B28082 /* ShowProductTests.m */; };
		8B46098A192D97CB00B28082 /* HomeVC.m in Sources */ = {isa = PBXBuildFile; fileRef = 8B460989192D97CB00B28082 /* HomeVC.m */; };
		8B46098D192D997000B28082 /* HomeView.m in Sources */ = {isa = PBXBuildFile; fileRef = 8B46098C192D997000B28082 /* HomeView.m */; };
		8B460990192D9C4800B28082 /* HomeViewCell.m in Sources */ = {isa = PBXBuildFile; fileRef = 8B46098F192D9C4800B28082 /* HomeViewCell.m */; };
		8B460992192D9C9300B28082 /* HomeViewCell.xib in Resources */ = {isa = PBXBuildFile; fileRef = 8B460991192D9C9300B28082 /* HomeViewCell.xib */; };
		8B460995192DA32400B28082 /* MenuHrizontal.m in Sources */ = {isa = PBXBuildFile; fileRef = 8B460994192DA32400B28082 /* MenuHrizontal.m */; };
		8B460998192DC3C300B28082 /* helight.png in Resources */ = {isa = PBXBuildFile; fileRef = 8B460997192DC3C300B28082 /* helight.png */; };
		8B46099A192DC3C600B28082 /* normal.png in Resources */ = {isa = PBXBuildFile; fileRef = 8B460999192DC3C600B28082 /* normal.png */; };
		8B46099F192DE67300B28082 /* SGFocusImageFrame.m in Sources */ = {isa = PBXBuildFile; fileRef = 8B46099C192DE67300B28082 /* SGFocusImageFrame.m */; };
		8B4609A0192DE67300B28082 /* SGFocusImageItem.m in Sources */ = {isa = PBXBuildFile; fileRef = 8B46099E192DE67300B28082 /* SGFocusImageItem.m */; };
		8B4609A5192DEAA700B28082 /* girl2.png in Resources */ = {isa = PBXBuildFile; fileRef = 8B4609A1192DEAA700B28082 /* girl2.png */; };
		8B4609A6192DEAA700B28082 /* girl1.png in Resources */ = {isa = PBXBuildFile; fileRef = 8B4609A2192DEAA700B28082 /* girl1.png */; };
		8B4609A7192DEAA700B28082 /* girl3.png in Resources */ = {isa = PBXBuildFile; fileRef = 8B4609A3192DEAA700B28082 /* girl3.png */; };
		8B4609A8192DEAA700B28082 /* girl4.png in Resources */ = {isa = PBXBuildFile; fileRef = 8B4609A4192DEAA700B28082 /* girl4.png */; };
		8B4609AD192DF0AC00B28082 /* new4.png in Resources */ = {isa = PBXBuildFile; fileRef = 8B4609A9192DF0AC00B28082 /* new4.png */; };
		8B4609AE192DF0AC00B28082 /* new1.png in Resources */ = {isa = PBXBuildFile; fileRef = 8B4609AA192DF0AC00B28082 /* new1.png */; };
		8B4609AF192DF0AC00B28082 /* new3.png in Resources */ = {isa = PBXBuildFile; fileRef = 8B4609AB192DF0AC00B28082 /* new3.png */; };
		8B4609B0192DF0AC00B28082 /* new2.png in Resources */ = {isa = PBXBuildFile; fileRef = 8B4609AC192DF0AC00B28082 /* new2.png */; };
/* End PBXBuildFile section */

/* Begin PBXContainerItemProxy section */
		8B460971192D968300B28082 /* PBXContainerItemProxy */ = {
			isa = PBXContainerItemProxy;
			containerPortal = 8B460949192D968300B28082 /* Project object */;
			proxyType = 1;
			remoteGlobalIDString = 8B460950192D968300B28082;
			remoteInfo = ShowProduct;
		};
/* End PBXContainerItemProxy section */

/* Begin PBXFileReference section */
		3E32271A192E2B3500D5C95C /* LoadMoreCell.h */ = {isa = PBXFileReference; fileEncoding = 4; lastKnownFileType = sourcecode.c.h; path = LoadMoreCell.h; sourceTree = "<group>"; };
		3E32271B192E2B3500D5C95C /* LoadMoreCell.m */ = {isa = PBXFileReference; fileEncoding = 4; lastKnownFileType = sourcecode.c.objc; path = LoadMoreCell.m; sourceTree = "<group>"; };
		3E32271D192E2B4300D5C95C /* LoadMoreCell.xib */ = {isa = PBXFileReference; fileEncoding = 4; lastKnownFileType = file.xib; path = LoadMoreCell.xib; sourceTree = "<group>"; };
		3E322720192E387C00D5C95C /* CircleView.h */ = {isa = PBXFileReference; fileEncoding = 4; lastKnownFileType = sourcecode.c.h; path = CircleView.h; sourceTree = "<group>"; };
		3E322721192E387C00D5C95C /* CircleView.m */ = {isa = PBXFileReference; fileEncoding = 4; lastKnownFileType = sourcecode.c.objc; path = CircleView.m; sourceTree = "<group>"; };
		3E322722192E387C00D5C95C /* EGORefreshTableHeaderView.h */ = {isa = PBXFileReference; fileEncoding = 4; lastKnownFileType = sourcecode.c.h; path = EGORefreshTableHeaderView.h; sourceTree = "<group>"; };
		3E322723192E387C00D5C95C /* EGORefreshTableHeaderView.m */ = {isa = PBXFileReference; fileEncoding = 4; lastKnownFileType = sourcecode.c.objc; path = EGORefreshTableHeaderView.m; sourceTree = "<group>"; };
		3E322726192E3DDC00D5C95C /* CustomTableView.h */ = {isa = PBXFileReference; fileEncoding = 4; lastKnownFileType = sourcecode.c.h; path = CustomTableView.h; sourceTree = "<group>"; };
		3E322727192E3DDC00D5C95C /* CustomTableView.m */ = {isa = PBXFileReference; fileEncoding = 4; lastKnownFileType = sourcecode.c.objc; path = CustomTableView.m; sourceTree = "<group>"; };
		3E99694219319718003CA4C6 /* SystemConfiguration.framework */ = {isa = PBXFileReference; lastKnownFileType = wrapper.framework; name = SystemConfiguration.framework; path = System/Library/Frameworks/SystemConfiguration.framework; sourceTree = SDKROOT; };
		3E99694419319729003CA4C6 /* MobileCoreServices.framework */ = {isa = PBXFileReference; lastKnownFileType = wrapper.framework; name = MobileCoreServices.framework; path = System/Library/Frameworks/MobileCoreServices.framework; sourceTree = SDKROOT; };
		3EE11870192F98FA00DB86C6 /* ScrollPageView.h */ = {isa = PBXFileReference; fileEncoding = 4; lastKnownFileType = sourcecode.c.h; path = ScrollPageView.h; sourceTree = "<group>"; };
		3EE11871192F98FA00DB86C6 /* ScrollPageView.m */ = {isa = PBXFileReference; fileEncoding = 4; lastKnownFileType = sourcecode.c.objc; path = ScrollPageView.m; sourceTree = "<group>"; };
		8B460951192D968300B28082 /* ShowProduct.app */ = {isa = PBXFileReference; explicitFileType = wrapper.application; includeInIndex = 0; path = ShowProduct.app; sourceTree = BUILT_PRODUCTS_DIR; };
		8B460954192D968300B28082 /* Foundation.framework */ = {isa = PBXFileReference; lastKnownFileType = wrapper.framework; name = Foundation.framework; path = System/Library/Frameworks/Foundation.framework; sourceTree = SDKROOT; };
		8B460956192D968300B28082 /* CoreGraphics.framework */ = {isa = PBXFileReference; lastKnownFileType = wrapper.framework; name = CoreGraphics.framework; path = System/Library/Frameworks/CoreGraphics.framework; sourceTree = SDKROOT; };
		8B460958192D968300B28082 /* UIKit.framework */ = {isa = PBXFileReference; lastKnownFileType = wrapper.framework; name = UIKit.framework; path = System/Library/Frameworks/UIKit.framework; sourceTree = SDKROOT; };
		8B46095C192D968300B28082 /* ShowProduct-Info.plist */ = {isa = PBXFileReference; lastKnownFileType = text.plist.xml; path = "ShowProduct-Info.plist"; sourceTree = "<group>"; };
		8B46095E192D968300B28082 /* en */ = {isa = PBXFileReference; lastKnownFileType = text.plist.strings; name = en; path = en.lproj/InfoPlist.strings; sourceTree = "<group>"; };
		8B460960192D968300B28082 /* main.m */ = {isa = PBXFileReference; lastKnownFileType = sourcecode.c.objc; path = main.m; sourceTree = "<group>"; };
		8B460962192D968300B28082 /* ShowProduct-Prefix.pch */ = {isa = PBXFileReference; lastKnownFileType = sourcecode.c.h; path = "ShowProduct-Prefix.pch"; sourceTree = "<group>"; };
		8B460963192D968300B28082 /* AppDelegate.h */ = {isa = PBXFileReference; lastKnownFileType = sourcecode.c.h; path = AppDelegate.h; sourceTree = "<group>"; };
		8B460964192D968300B28082 /* AppDelegate.m */ = {isa = PBXFileReference; lastKnownFileType = sourcecode.c.objc; path = AppDelegate.m; sourceTree = "<group>"; };
		8B460966192D968300B28082 /* Images.xcassets */ = {isa = PBXFileReference; lastKnownFileType = folder.assetcatalog; path = Images.xcassets; sourceTree = "<group>"; };
		8B46096C192D968300B28082 /* ShowProductTests.xctest */ = {isa = PBXFileReference; explicitFileType = wrapper.cfbundle; includeInIndex = 0; path = ShowProductTests.xctest; sourceTree = BUILT_PRODUCTS_DIR; };
		8B46096D192D968300B28082 /* XCTest.framework */ = {isa = PBXFileReference; lastKnownFileType = wrapper.framework; name = XCTest.framework; path = Library/Frameworks/XCTest.framework; sourceTree = DEVELOPER_DIR; };
		8B460975192D968300B28082 /* ShowProductTests-Info.plist */ = {isa = PBXFileReference; lastKnownFileType = text.plist.xml; path = "ShowProductTests-Info.plist"; sourceTree = "<group>"; };
		8B460977192D968300B28082 /* en */ = {isa = PBXFileReference; lastKnownFileType = text.plist.strings; name = en; path = en.lproj/InfoPlist.strings; sourceTree = "<group>"; };
		8B460979192D968300B28082 /* ShowProductTests.m */ = {isa = PBXFileReference; lastKnownFileType = sourcecode.c.objc; path = ShowProductTests.m; sourceTree = "<group>"; };
		8B460988192D97CB00B28082 /* HomeVC.h */ = {isa = PBXFileReference; fileEncoding = 4; lastKnownFileType = sourcecode.c.h; path = HomeVC.h; sourceTree = "<group>"; };
		8B460989192D97CB00B28082 /* HomeVC.m */ = {isa = PBXFileReference; fileEncoding = 4; lastKnownFileType = sourcecode.c.objc; path = HomeVC.m; sourceTree = "<group>"; };
		8B46098B192D997000B28082 /* HomeView.h */ = {isa = PBXFileReference; fileEncoding = 4; lastKnownFileType = sourcecode.c.h; path = HomeView.h; sourceTree = "<group>"; };
		8B46098C192D997000B28082 /* HomeView.m */ = {isa = PBXFileReference; fileEncoding = 4; lastKnownFileType = sourcecode.c.objc; path = HomeView.m; sourceTree = "<group>"; };
		8B46098E192D9C4800B28082 /* HomeViewCell.h */ = {isa = PBXFileReference; fileEncoding = 4; lastKnownFileType = sourcecode.c.h; path = HomeViewCell.h; sourceTree = "<group>"; };
		8B46098F192D9C4800B28082 /* HomeViewCell.m */ = {isa = PBXFileReference; fileEncoding = 4; lastKnownFileType = sourcecode.c.objc; path = HomeViewCell.m; sourceTree = "<group>"; };
		8B460991192D9C9300B28082 /* HomeViewCell.xib */ = {isa = PBXFileReference; fileEncoding = 4; lastKnownFileType = file.xib; path = HomeViewCell.xib; sourceTree = "<group>"; };
		8B460993192DA32400B28082 /* MenuHrizontal.h */ = {isa = PBXFileReference; fileEncoding = 4; lastKnownFileType = sourcecode.c.h; path = MenuHrizontal.h; sourceTree = "<group>"; };
		8B460994192DA32400B28082 /* MenuHrizontal.m */ = {isa = PBXFileReference; fileEncoding = 4; lastKnownFileType = sourcecode.c.objc; path = MenuHrizontal.m; sourceTree = "<group>"; };
		8B460997192DC3C300B28082 /* helight.png */ = {isa = PBXFileReference; lastKnownFileType = image.png; path = helight.png; sourceTree = "<group>"; };
		8B460999192DC3C600B28082 /* normal.png */ = {isa = PBXFileReference; lastKnownFileType = image.png; path = normal.png; sourceTree = "<group>"; };
		8B46099B192DE67300B28082 /* SGFocusImageFrame.h */ = {isa = PBXFileReference; fileEncoding = 4; lastKnownFileType = sourcecode.c.h; path = SGFocusImageFrame.h; sourceTree = "<group>"; };
		8B46099C192DE67300B28082 /* SGFocusImageFrame.m */ = {isa = PBXFileReference; fileEncoding = 4; lastKnownFileType = sourcecode.c.objc; path = SGFocusImageFrame.m; sourceTree = "<group>"; };
		8B46099D192DE67300B28082 /* SGFocusImageItem.h */ = {isa = PBXFileReference; fileEncoding = 4; lastKnownFileType = sourcecode.c.h; path = SGFocusImageItem.h; sourceTree = "<group>"; };
		8B46099E192DE67300B28082 /* SGFocusImageItem.m */ = {isa = PBXFileReference; fileEncoding = 4; lastKnownFileType = sourcecode.c.objc; path = SGFocusImageItem.m; sourceTree = "<group>"; };
		8B4609A1192DEAA700B28082 /* girl2.png */ = {isa = PBXFileReference; lastKnownFileType = image.png; path = girl2.png; sourceTree = "<group>"; };
		8B4609A2192DEAA700B28082 /* girl1.png */ = {isa = PBXFileReference; lastKnownFileType = image.png; path = girl1.png; sourceTree = "<group>"; };
		8B4609A3192DEAA700B28082 /* girl3.png */ = {isa = PBXFileReference; lastKnownFileType = image.png; path = girl3.png; sourceTree = "<group>"; };
		8B4609A4192DEAA700B28082 /* girl4.png */ = {isa = PBXFileReference; lastKnownFileType = image.png; path = girl4.png; sourceTree = "<group>"; };
		8B4609A9192DF0AC00B28082 /* new4.png */ = {isa = PBXFileReference; lastKnownFileType = image.png; path = new4.png; sourceTree = "<group>"; };
		8B4609AA192DF0AC00B28082 /* new1.png */ = {isa = PBXFileReference; lastKnownFileType = image.png; path = new1.png; sourceTree = "<group>"; };
		8B4609AB192DF0AC00B28082 /* new3.png */ = {isa = PBXFileReference; lastKnownFileType = image.png; path = new3.png; sourceTree = "<group>"; };
		8B4609AC192DF0AC00B28082 /* new2.png */ = {isa = PBXFileReference; lastKnownFileType = image.png; path = new2.png; sourceTree = "<group>"; };
		8B5DEAF619529B2000D941FF /* Macros.h */ = {isa = PBXFileReference; fileEncoding = 4; lastKnownFileType = sourcecode.c.h; path = Macros.h; sourceTree = "<group>"; };
/* End PBXFileReference section */

/* Begin PBXFrameworksBuildPhase section */
		8B46094E192D968300B28082 /* Frameworks */ = {
			isa = PBXFrameworksBuildPhase;
			buildActionMask = 2147483647;
			files = (
				3E99694519319729003CA4C6 /* MobileCoreServices.framework in Frameworks */,
				3E99694319319718003CA4C6 /* SystemConfiguration.framework in Frameworks */,
				8B460957192D968300B28082 /* CoreGraphics.framework in Frameworks */,
				8B460959192D968300B28082 /* UIKit.framework in Frameworks */,
				8B460955192D968300B28082 /* Foundation.framework in Frameworks */,
			);
			runOnlyForDeploymentPostprocessing = 0;
		};
		8B460969192D968300B28082 /* Frameworks */ = {
			isa = PBXFrameworksBuildPhase;
			buildActionMask = 2147483647;
			files = (
				8B46096E192D968300B28082 /* XCTest.framework in Frameworks */,
				8B460970192D968300B28082 /* UIKit.framework in Frameworks */,
				8B46096F192D968300B28082 /* Foundation.framework in Frameworks */,
			);
			runOnlyForDeploymentPostprocessing = 0;
		};
/* End PBXFrameworksBuildPhase section */

/* Begin PBXGroup section */
		3E32271F192E387C00D5C95C /* RefreshTableHeaderView */ = {
			isa = PBXGroup;
			children = (
				3E322720192E387C00D5C95C /* CircleView.h */,
				3E322721192E387C00D5C95C /* CircleView.m */,
				3E322722192E387C00D5C95C /* EGORefreshTableHeaderView.h */,
				3E322723192E387C00D5C95C /* EGORefreshTableHeaderView.m */,
			);
			path = RefreshTableHeaderView;
			sourceTree = "<group>";
		};
		8B460948192D968300B28082 = {
			isa = PBXGroup;
			children = (
				8B46095A192D968300B28082 /* ShowProduct */,
				8B460973192D968300B28082 /* ShowProductTests */,
				8B460953192D968300B28082 /* Frameworks */,
				8B460952192D968300B28082 /* Products */,
			);
			sourceTree = "<group>";
		};
		8B460952192D968300B28082 /* Products */ = {
			isa = PBXGroup;
			children = (
				8B460951192D968300B28082 /* ShowProduct.app */,
				8B46096C192D968300B28082 /* ShowProductTests.xctest */,
			);
			name = Products;
			sourceTree = "<group>";
		};
		8B460953192D968300B28082 /* Frameworks */ = {
			isa = PBXGroup;
			children = (
				3E99694419319729003CA4C6 /* MobileCoreServices.framework */,
				3E99694219319718003CA4C6 /* SystemConfiguration.framework */,
				8B460954192D968300B28082 /* Foundation.framework */,
				8B460956192D968300B28082 /* CoreGraphics.framework */,
				8B460958192D968300B28082 /* UIKit.framework */,
				8B46096D192D968300B28082 /* XCTest.framework */,
			);
			name = Frameworks;
			sourceTree = "<group>";
		};
		8B46095A192D968300B28082 /* ShowProduct */ = {
			isa = PBXGroup;
			children = (
				8B460996192DC3BB00B28082 /* Resource */,
				8B460983192D96B900B28082 /* UI */,
				8B460963192D968300B28082 /* AppDelegate.h */,
				8B460964192D968300B28082 /* AppDelegate.m */,
				8B460966192D968300B28082 /* Images.xcassets */,
				8B46095B192D968300B28082 /* Supporting Files */,
			);
			path = ShowProduct;
			sourceTree = "<group>";
		};
		8B46095B192D968300B28082 /* Supporting Files */ = {
			isa = PBXGroup;
			children = (
				8B46095C192D968300B28082 /* ShowProduct-Info.plist */,
				8B46095D192D968300B28082 /* InfoPlist.strings */,
				8B460960192D968300B28082 /* main.m */,
				8B460962192D968300B28082 /* ShowProduct-Prefix.pch */,
			);
			name = "Supporting Files";
			sourceTree = "<group>";
		};
		8B460973192D968300B28082 /* ShowProductTests */ = {
			isa = PBXGroup;
			children = (
				8B460979192D968300B28082 /* ShowProductTests.m */,
				8B460974192D968300B28082 /* Supporting Files */,
			);
			path = ShowProductTests;
			sourceTree = "<group>";
		};
		8B460974192D968300B28082 /* Supporting Files */ = {
			isa = PBXGroup;
			children = (
				8B460975192D968300B28082 /* ShowProductTests-Info.plist */,
				8B460976192D968300B28082 /* InfoPlist.strings */,
			);
			name = "Supporting Files";
			sourceTree = "<group>";
		};
		8B460983192D96B900B28082 /* UI */ = {
			isa = PBXGroup;
			children = (
				8B5DEAF619529B2000D941FF /* Macros.h */,
				8B460987192D978300B28082 /* Common */,
				8B460985192D96FE00B28082 /* Views */,
				8B460984192D96D600B28082 /* VCS */,
			);
			path = UI;
			sourceTree = "<group>";
		};
		8B460984192D96D600B28082 /* VCS */ = {
			isa = PBXGroup;
			children = (
				8B460988192D97CB00B28082 /* HomeVC.h */,
				8B460989192D97CB00B28082 /* HomeVC.m */,
			);
			path = VCS;
			sourceTree = "<group>";
		};
		8B460985192D96FE00B28082 /* Views */ = {
			isa = PBXGroup;
			children = (
				8B46098B192D997000B28082 /* HomeView.h */,
				8B46098C192D997000B28082 /* HomeView.m */,
				8B46098E192D9C4800B28082 /* HomeViewCell.h */,
				8B46098F192D9C4800B28082 /* HomeViewCell.m */,
				8B460991192D9C9300B28082 /* HomeViewCell.xib */,
				3E32271A192E2B3500D5C95C /* LoadMoreCell.h */,
				3E32271B192E2B3500D5C95C /* LoadMoreCell.m */,
				3E32271D192E2B4300D5C95C /* LoadMoreCell.xib */,
			);
			path = Views;
			sourceTree = "<group>";
		};
		8B460987192D978300B28082 /* Common */ = {
			isa = PBXGroup;
			children = (
				3E32271F192E387C00D5C95C /* RefreshTableHeaderView */,
				8B460993192DA32400B28082 /* MenuHrizontal.h */,
				8B460994192DA32400B28082 /* MenuHrizontal.m */,
				8B46099B192DE67300B28082 /* SGFocusImageFrame.h */,
				8B46099C192DE67300B28082 /* SGFocusImageFrame.m */,
				8B46099D192DE67300B28082 /* SGFocusImageItem.h */,
				8B46099E192DE67300B28082 /* SGFocusImageItem.m */,
				3E322726192E3DDC00D5C95C /* CustomTableView.h */,
				3E322727192E3DDC00D5C95C /* CustomTableView.m */,
				3EE11870192F98FA00DB86C6 /* ScrollPageView.h */,
				3EE11871192F98FA00DB86C6 /* ScrollPageView.m */,
			);
			path = Common;
			sourceTree = "<group>";
		};
		8B460996192DC3BB00B28082 /* Resource */ = {
			isa = PBXGroup;
			children = (
				8B460999192DC3C600B28082 /* normal.png */,
				8B460997192DC3C300B28082 /* helight.png */,
				8B4609A1192DEAA700B28082 /* girl2.png */,
				8B4609A2192DEAA700B28082 /* girl1.png */,
				8B4609A3192DEAA700B28082 /* girl3.png */,
				8B4609A4192DEAA700B28082 /* girl4.png */,
				8B4609A9192DF0AC00B28082 /* new4.png */,
				8B4609AA192DF0AC00B28082 /* new1.png */,
				8B4609AB192DF0AC00B28082 /* new3.png */,
				8B4609AC192DF0AC00B28082 /* new2.png */,
			);
			path = Resource;
			sourceTree = "<group>";
		};
/* End PBXGroup section */

/* Begin PBXNativeTarget section */
		8B460950192D968300B28082 /* ShowProduct */ = {
			isa = PBXNativeTarget;
			buildConfigurationList = 8B46097D192D968300B28082 /* Build configuration list for PBXNativeTarget "ShowProduct" */;
			buildPhases = (
				8B46094D192D968300B28082 /* Sources */,
				8B46094E192D968300B28082 /* Frameworks */,
				8B46094F192D968300B28082 /* Resources */,
			);
			buildRules = (
			);
			dependencies = (
			);
			name = ShowProduct;
			productName = ShowProduct;
			productReference = 8B460951192D968300B28082 /* ShowProduct.app */;
			productType = "com.apple.product-type.application";
		};
		8B46096B192D968300B28082 /* ShowProductTests */ = {
			isa = PBXNativeTarget;
			buildConfigurationList = 8B460980192D968300B28082 /* Build configuration list for PBXNativeTarget "ShowProductTests" */;
			buildPhases = (
				8B460968192D968300B28082 /* Sources */,
				8B460969192D968300B28082 /* Frameworks */,
				8B46096A192D968300B28082 /* Resources */,
			);
			buildRules = (
			);
			dependencies = (
				8B460972192D968300B28082 /* PBXTargetDependency */,
			);
			name = ShowProductTests;
			productName = ShowProductTests;
			productReference = 8B46096C192D968300B28082 /* ShowProductTests.xctest */;
			productType = "com.apple.product-type.bundle.unit-test";
		};
/* End PBXNativeTarget section */

/* Begin PBXProject section */
		8B460949192D968300B28082 /* Project object */ = {
			isa = PBXProject;
			attributes = {
				LastUpgradeCheck = 0510;
				ORGANIZATIONNAME = "北京致远";
				TargetAttributes = {
					8B46096B192D968300B28082 = {
						TestTargetID = 8B460950192D968300B28082;
					};
				};
			};
			buildConfigurationList = 8B46094C192D968300B28082 /* Build configuration list for PBXProject "ShowProduct" */;
			compatibilityVersion = "Xcode 3.2";
			developmentRegion = English;
			hasScannedForEncodings = 0;
			knownRegions = (
				en,
			);
			mainGroup = 8B460948192D968300B28082;
			productRefGroup = 8B460952192D968300B28082 /* Products */;
			projectDirPath = "";
			projectRoot = "";
			targets = (
				8B460950192D968300B28082 /* ShowProduct */,
				8B46096B192D968300B28082 /* ShowProductTests */,
			);
		};
/* End PBXProject section */

/* Begin PBXResourcesBuildPhase section */
		8B46094F192D968300B28082 /* Resources */ = {
			isa = PBXResourcesBuildPhase;
			buildActionMask = 2147483647;
			files = (
				8B460992192D9C9300B28082 /* HomeViewCell.xib in Resources */,
				8B4609AE192DF0AC00B28082 /* new1.png in Resources */,
				8B4609AD192DF0AC00B28082 /* new4.png in Resources */,
				8B4609A8192DEAA700B28082 /* girl4.png in Resources */,
				8B46099A192DC3C600B28082 /* normal.png in Resources */,
				8B46095F192D968300B28082 /* InfoPlist.strings in Resources */,
				8B460967192D968300B28082 /* Images.xcassets in Resources */,
				8B4609A6192DEAA700B28082 /* girl1.png in Resources */,
				8B4609AF192DF0AC00B28082 /* new3.png in Resources */,
				8B4609B0192DF0AC00B28082 /* new2.png in Resources */,
				8B4609A7192DEAA700B28082 /* girl3.png in Resources */,
				3E32271E192E2B4300D5C95C /* LoadMoreCell.xib in Resources */,
				8B4609A5192DEAA700B28082 /* girl2.png in Resources */,
				8B460998192DC3C300B28082 /* helight.png in Resources */,
			);
			runOnlyForDeploymentPostprocessing = 0;
		};
		8B46096A192D968300B28082 /* Resources */ = {
			isa = PBXResourcesBuildPhase;
			buildActionMask = 2147483647;
			files = (
				8B460978192D968300B28082 /* InfoPlist.strings in Resources */,
			);
			runOnlyForDeploymentPostprocessing = 0;
		};
/* End PBXResourcesBuildPhase section */

/* Begin PBXSourcesBuildPhase section */
		8B46094D192D968300B28082 /* Sources */ = {
			isa = PBXSourcesBuildPhase;
			buildActionMask = 2147483647;
			files = (
				8B460995192DA32400B28082 /* MenuHrizontal.m in Sources */,
				3E32271C192E2B3500D5C95C /* LoadMoreCell.m in Sources */,
				3E322728192E3DDC00D5C95C /* CustomTableView.m in Sources */,
				8B4609A0192DE67300B28082 /* SGFocusImageItem.m in Sources */,
				8B46098A192D97CB00B28082 /* HomeVC.m in Sources */,
				8B46098D192D997000B28082 /* HomeView.m in Sources */,
				8B460965192D968300B28082 /* AppDelegate.m in Sources */,
				3E322724192E387C00D5C95C /* CircleView.m in Sources */,
				3E322725192E387C00D5C95C /* EGORefreshTableHeaderView.m in Sources */,
				8B46099F192DE67300B28082 /* SGFocusImageFrame.m in Sources */,
				3EE11872192F98FA00DB86C6 /* ScrollPageView.m in Sources */,
				8B460990192D9C4800B28082 /* HomeViewCell.m in Sources */,
				8B460961192D968300B28082 /* main.m in Sources */,
			);
			runOnlyForDeploymentPostprocessing = 0;
		};
		8B460968192D968300B28082 /* Sources */ = {
			isa = PBXSourcesBuildPhase;
			buildActionMask = 2147483647;
			files = (
				8B46097A192D968300B28082 /* ShowProductTests.m in Sources */,
			);
			runOnlyForDeploymentPostprocessing = 0;
		};
/* End PBXSourcesBuildPhase section */

/* Begin PBXTargetDependency section */
		8B460972192D968300B28082 /* PBXTargetDependency */ = {
			isa = PBXTargetDependency;
			target = 8B460950192D968300B28082 /* ShowProduct */;
			targetProxy = 8B460971192D968300B28082 /* PBXContainerItemProxy */;
		};
/* End PBXTargetDependency section */

/* Begin PBXVariantGroup section */
		8B46095D192D968300B28082 /* InfoPlist.strings */ = {
			isa = PBXVariantGroup;
			children = (
				8B46095E192D968300B28082 /* en */,
			);
			name = InfoPlist.strings;
			sourceTree = "<group>";
		};
		8B460976192D968300B28082 /* InfoPlist.strings */ = {
			isa = PBXVariantGroup;
			children = (
				8B460977192D968300B28082 /* en */,
			);
			name = InfoPlist.strings;
			sourceTree = "<group>";
		};
/* End PBXVariantGroup section */

/* Begin XCBuildConfiguration section */
		8B46097B192D968300B28082 /* Debug */ = {
			isa = XCBuildConfiguration;
			buildSettings = {
				ALWAYS_SEARCH_USER_PATHS = NO;
				CLANG_CXX_LANGUAGE_STANDARD = "gnu++0x";
				CLANG_CXX_LIBRARY = "libc++";
				CLANG_ENABLE_MODULES = YES;
				CLANG_ENABLE_OBJC_ARC = YES;
				CLANG_WARN_BOOL_CONVERSION = YES;
				CLANG_WARN_CONSTANT_CONVERSION = YES;
				CLANG_WARN_DIRECT_OBJC_ISA_USAGE = YES_ERROR;
				CLANG_WARN_EMPTY_BODY = YES;
				CLANG_WARN_ENUM_CONVERSION = YES;
				CLANG_WARN_INT_CONVERSION = YES;
				CLANG_WARN_OBJC_ROOT_CLASS = YES_ERROR;
				CLANG_WARN__DUPLICATE_METHOD_MATCH = YES;
				"CODE_SIGN_IDENTITY[sdk=iphoneos*]" = "iPhone Developer";
				COPY_PHASE_STRIP = NO;
				GCC_C_LANGUAGE_STANDARD = gnu99;
				GCC_DYNAMIC_NO_PIC = NO;
				GCC_OPTIMIZATION_LEVEL = 0;
				GCC_PREPROCESSOR_DEFINITIONS = (
					"DEBUG=1",
					"$(inherited)",
				);
				GCC_SYMBOLS_PRIVATE_EXTERN = NO;
				GCC_WARN_64_TO_32_BIT_CONVERSION = YES;
				GCC_WARN_ABOUT_RETURN_TYPE = YES_ERROR;
				GCC_WARN_UNDECLARED_SELECTOR = YES;
				GCC_WARN_UNINITIALIZED_AUTOS = YES_AGGRESSIVE;
				GCC_WARN_UNUSED_FUNCTION = YES;
				GCC_WARN_UNUSED_VARIABLE = YES;
				IPHONEOS_DEPLOYMENT_TARGET = 7.0;
				ONLY_ACTIVE_ARCH = YES;
				SDKROOT = iphoneos;
				TARGETED_DEVICE_FAMILY = "1,2";
			};
			name = Debug;
		};
		8B46097C192D968300B28082 /* Release */ = {
			isa = XCBuildConfiguration;
			buildSettings = {
				ALWAYS_SEARCH_USER_PATHS = NO;
				CLANG_CXX_LANGUAGE_STANDARD = "gnu++0x";
				CLANG_CXX_LIBRARY = "libc++";
				CLANG_ENABLE_MODULES = YES;
				CLANG_ENABLE_OBJC_ARC = YES;
				CLANG_WARN_BOOL_CONVERSION = YES;
				CLANG_WARN_CONSTANT_CONVERSION = YES;
				CLANG_WARN_DIRECT_OBJC_ISA_USAGE = YES_ERROR;
				CLANG_WARN_EMPTY_BODY = YES;
				CLANG_WARN_ENUM_CONVERSION = YES;
				CLANG_WARN_INT_CONVERSION = YES;
				CLANG_WARN_OBJC_ROOT_CLASS = YES_ERROR;
				CLANG_WARN__DUPLICATE_METHOD_MATCH = YES;
				"CODE_SIGN_IDENTITY[sdk=iphoneos*]" = "iPhone Developer";
				COPY_PHASE_STRIP = YES;
				ENABLE_NS_ASSERTIONS = NO;
				GCC_C_LANGUAGE_STANDARD = gnu99;
				GCC_WARN_64_TO_32_BIT_CONVERSION = YES;
				GCC_WARN_ABOUT_RETURN_TYPE = YES_ERROR;
				GCC_WARN_UNDECLARED_SELECTOR = YES;
				GCC_WARN_UNINITIALIZED_AUTOS = YES_AGGRESSIVE;
				GCC_WARN_UNUSED_FUNCTION = YES;
				GCC_WARN_UNUSED_VARIABLE = YES;
				IPHONEOS_DEPLOYMENT_TARGET = 7.0;
				SDKROOT = iphoneos;
				TARGETED_DEVICE_FAMILY = "1,2";
				VALIDATE_PRODUCT = YES;
			};
			name = Release;
		};
		8B46097E192D968300B28082 /* Debug */ = {
			isa = XCBuildConfiguration;
			buildSettings = {
				ASSETCATALOG_COMPILER_APPICON_NAME = AppIcon;
				ASSETCATALOG_COMPILER_LAUNCHIMAGE_NAME = LaunchImage;
				CLANG_ENABLE_OBJC_ARC = NO;
				GCC_PRECOMPILE_PREFIX_HEADER = YES;
				GCC_PREFIX_HEADER = "ShowProduct/ShowProduct-Prefix.pch";
				INFOPLIST_FILE = "ShowProduct/ShowProduct-Info.plist";
				IPHONEOS_DEPLOYMENT_TARGET = 6.0;
				PRODUCT_NAME = "$(TARGET_NAME)";
				TARGETED_DEVICE_FAMILY = "1,2";
				WRAPPER_EXTENSION = app;
			};
			name = Debug;
		};
		8B46097F192D968300B28082 /* Release */ = {
			isa = XCBuildConfiguration;
			buildSettings = {
				ASSETCATALOG_COMPILER_APPICON_NAME = AppIcon;
				ASSETCATALOG_COMPILER_LAUNCHIMAGE_NAME = LaunchImage;
				CLANG_ENABLE_OBJC_ARC = NO;
				GCC_PRECOMPILE_PREFIX_HEADER = YES;
				GCC_PREFIX_HEADER = "ShowProduct/ShowProduct-Prefix.pch";
				INFOPLIST_FILE = "ShowProduct/ShowProduct-Info.plist";
				IPHONEOS_DEPLOYMENT_TARGET = 6.0;
				PRODUCT_NAME = "$(TARGET_NAME)";
				TARGETED_DEVICE_FAMILY = "1,2";
				WRAPPER_EXTENSION = app;
			};
			name = Release;
		};
		8B460981192D968300B28082 /* Debug */ = {
			isa = XCBuildConfiguration;
			buildSettings = {
				BUNDLE_LOADER = "$(BUILT_PRODUCTS_DIR)/ShowProduct.app/ShowProduct";
				FRAMEWORK_SEARCH_PATHS = (
					"$(SDKROOT)/Developer/Library/Frameworks",
					"$(inherited)",
					"$(DEVELOPER_FRAMEWORKS_DIR)",
				);
				GCC_PRECOMPILE_PREFIX_HEADER = YES;
				GCC_PREFIX_HEADER = "ShowProduct/ShowProduct-Prefix.pch";
				GCC_PREPROCESSOR_DEFINITIONS = (
					"DEBUG=1",
					"$(inherited)",
				);
				INFOPLIST_FILE = "ShowProductTests/ShowProductTests-Info.plist";
				PRODUCT_NAME = "$(TARGET_NAME)";
				TEST_HOST = "$(BUNDLE_LOADER)";
				WRAPPER_EXTENSION = xctest;
			};
			name = Debug;
		};
		8B460982192D968300B28082 /* Release */ = {
			isa = XCBuildConfiguration;
			buildSettings = {
				BUNDLE_LOADER = "$(BUILT_PRODUCTS_DIR)/ShowProduct.app/ShowProduct";
				FRAMEWORK_SEARCH_PATHS = (
					"$(SDKROOT)/Developer/Library/Frameworks",
					"$(inherited)",
					"$(DEVELOPER_FRAMEWORKS_DIR)",
				);
				GCC_PRECOMPILE_PREFIX_HEADER = YES;
				GCC_PREFIX_HEADER = "ShowProduct/ShowProduct-Prefix.pch";
				INFOPLIST_FILE = "ShowProductTests/ShowProductTests-Info.plist";
				PRODUCT_NAME = "$(TARGET_NAME)";
				TEST_HOST = "$(BUNDLE_LOADER)";
				WRAPPER_EXTENSION = xctest;
			};
			name = Release;
		};
/* End XCBuildConfiguration section */

/* Begin XCConfigurationList section */
		8B46094C192D968300B28082 /* Build configuration list for PBXProject "ShowProduct" */ = {
			isa = XCConfigurationList;
			buildConfigurations = (
				8B46097B192D968300B28082 /* Debug */,
				8B46097C192D968300B28082 /* Release */,
			);
			defaultConfigurationIsVisible = 0;
			defaultConfigurationName = Release;
		};
		8B46097D192D968300B28082 /* Build configuration list for PBXNativeTarget "ShowProduct" */ = {
			isa = XCConfigurationList;
			buildConfigurations = (
				8B46097E192D968300B28082 /* Debug */,
				8B46097F192D968300B28082 /* Release */,
			);
			defaultConfigurationIsVisible = 0;
			defaultConfigurationName = Release;
		};
		8B460980192D968300B28082 /* Build configuration list for PBXNativeTarget "ShowProductTests" */ = {
			isa = XCConfigurationList;
			buildConfigurations = (
				8B460981192D968300B28082 /* Debug */,
				8B460982192D968300B28082 /* Release */,
			);
			defaultConfigurationIsVisible = 0;
			defaultConfigurationName = Release;
		};
/* End XCConfigurationList section */
	};
	rootObject = 8B460949192D968300B28082 /* Project object */;
}
